// !$*UTF8*$!
{
	archiveVersion = 1;
	classes = {
	};
	objectVersion = 56;
	objects = {

/* Begin PBXBuildFile section */
		293C73C72A7C101B0028B2BB /* PersonsCell.swift in Sources */ = {isa = PBXBuildFile; fileRef = 293C73C62A7C101B0028B2BB /* PersonsCell.swift */; };
		296DC2B12A78158D009BBF4E /* AppDelegate.swift in Sources */ = {isa = PBXBuildFile; fileRef = 296DC2B02A78158D009BBF4E /* AppDelegate.swift */; };
		296DC2B32A78158D009BBF4E /* SceneDelegate.swift in Sources */ = {isa = PBXBuildFile; fileRef = 296DC2B22A78158D009BBF4E /* SceneDelegate.swift */; };
		296DC2B52A78158D009BBF4E /* HomePage.swift in Sources */ = {isa = PBXBuildFile; fileRef = 296DC2B42A78158D009BBF4E /* HomePage.swift */; };
		296DC2B82A78158D009BBF4E /* Main.storyboard in Resources */ = {isa = PBXBuildFile; fileRef = 296DC2B62A78158D009BBF4E /* Main.storyboard */; };
		296DC2BA2A78158F009BBF4E /* Assets.xcassets in Resources */ = {isa = PBXBuildFile; fileRef = 296DC2B92A78158F009BBF4E /* Assets.xcassets */; };
		296DC2BD2A78158F009BBF4E /* LaunchScreen.storyboard in Resources */ = {isa = PBXBuildFile; fileRef = 296DC2BB2A78158F009BBF4E /* LaunchScreen.storyboard */; };
		296DC2C92A781B17009BBF4E /* PersonRegistration.swift in Sources */ = {isa = PBXBuildFile; fileRef = 296DC2C82A781B17009BBF4E /* PersonRegistration.swift */; };
		296DC2CB2A781B28009BBF4E /* PersonDetail.swift in Sources */ = {isa = PBXBuildFile; fileRef = 296DC2CA2A781B28009BBF4E /* PersonDetail.swift */; };
		296DC2CE2A78304E009BBF4E /* Kisiler.swift in Sources */ = {isa = PBXBuildFile; fileRef = 296DC2CD2A78304E009BBF4E /* Kisiler.swift */; };
		29B38B3F2A8542D3005CD156 /* RxSwift in Frameworks */ = {isa = PBXBuildFile; productRef = 29B38B3E2A8542D3005CD156 /* RxSwift */; };
		29B38B422A8543AA005CD156 /* KisilerDaoRepository.swift in Sources */ = {isa = PBXBuildFile; fileRef = 29B38B412A8543AA005CD156 /* KisilerDaoRepository.swift */; };
		29B38B452A854407005CD156 /* HomePageViewModel.swift in Sources */ = {isa = PBXBuildFile; fileRef = 29B38B442A854407005CD156 /* HomePageViewModel.swift */; };
		29B38B472A85442E005CD156 /* PersonKayıtDetailViewModel.swift in Sources */ = {isa = PBXBuildFile; fileRef = 29B38B462A85442E005CD156 /* PersonKayıtDetailViewModel.swift */; };
		29B38B492A85445C005CD156 /* PersonDetailViewModel.swift in Sources */ = {isa = PBXBuildFile; fileRef = 29B38B482A85445C005CD156 /* PersonDetailViewModel.swift */; };
/* End PBXBuildFile section */

/* Begin PBXFileReference section */
		293C73C62A7C101B0028B2BB /* PersonsCell.swift */ = {isa = PBXFileReference; lastKnownFileType = sourcecode.swift; path = PersonsCell.swift; sourceTree = "<group>"; };
		296DC2AD2A78158D009BBF4E /* PersonsApp.app */ = {isa = PBXFileReference; explicitFileType = wrapper.application; includeInIndex = 0; path = PersonsApp.app; sourceTree = BUILT_PRODUCTS_DIR; };
		296DC2B02A78158D009BBF4E /* AppDelegate.swift */ = {isa = PBXFileReference; lastKnownFileType = sourcecode.swift; path = AppDelegate.swift; sourceTree = "<group>"; };
		296DC2B22A78158D009BBF4E /* SceneDelegate.swift */ = {isa = PBXFileReference; lastKnownFileType = sourcecode.swift; path = SceneDelegate.swift; sourceTree = "<group>"; };
		296DC2B42A78158D009BBF4E /* HomePage.swift */ = {isa = PBXFileReference; lastKnownFileType = sourcecode.swift; path = HomePage.swift; sourceTree = "<group>"; };
		296DC2B72A78158D009BBF4E /* Base */ = {isa = PBXFileReference; lastKnownFileType = file.storyboard; name = Base; path = Base.lproj/Main.storyboard; sourceTree = "<group>"; };
		296DC2B92A78158F009BBF4E /* Assets.xcassets */ = {isa = PBXFileReference; lastKnownFileType = folder.assetcatalog; path = Assets.xcassets; sourceTree = "<group>"; };
		296DC2BC2A78158F009BBF4E /* Base */ = {isa = PBXFileReference; lastKnownFileType = file.storyboard; name = Base; path = Base.lproj/LaunchScreen.storyboard; sourceTree = "<group>"; };
		296DC2BE2A78158F009BBF4E /* Info.plist */ = {isa = PBXFileReference; lastKnownFileType = text.plist.xml; path = Info.plist; sourceTree = "<group>"; };
		296DC2C82A781B17009BBF4E /* PersonRegistration.swift */ = {isa = PBXFileReference; lastKnownFileType = sourcecode.swift; path = PersonRegistration.swift; sourceTree = "<group>"; };
		296DC2CA2A781B28009BBF4E /* PersonDetail.swift */ = {isa = PBXFileReference; lastKnownFileType = sourcecode.swift; path = PersonDetail.swift; sourceTree = "<group>"; };
		296DC2CD2A78304E009BBF4E /* Kisiler.swift */ = {isa = PBXFileReference; lastKnownFileType = sourcecode.swift; path = Kisiler.swift; sourceTree = "<group>"; };
		29B38B412A8543AA005CD156 /* KisilerDaoRepository.swift */ = {isa = PBXFileReference; lastKnownFileType = sourcecode.swift; path = KisilerDaoRepository.swift; sourceTree = "<group>"; };
		29B38B442A854407005CD156 /* HomePageViewModel.swift */ = {isa = PBXFileReference; lastKnownFileType = sourcecode.swift; path = HomePageViewModel.swift; sourceTree = "<group>"; };
		29B38B462A85442E005CD156 /* PersonKayıtDetailViewModel.swift */ = {isa = PBXFileReference; lastKnownFileType = sourcecode.swift; path = "PersonKayıtDetailViewModel.swift"; sourceTree = "<group>"; };
		29B38B482A85445C005CD156 /* PersonDetailViewModel.swift */ = {isa = PBXFileReference; lastKnownFileType = sourcecode.swift; path = PersonDetailViewModel.swift; sourceTree = "<group>"; };
/* End PBXFileReference section */

/* Begin PBXFrameworksBuildPhase section */
		296DC2AA2A78158D009BBF4E /* Frameworks */ = {
			isa = PBXFrameworksBuildPhase;
			buildActionMask = 2147483647;
			files = (
				29B38B3F2A8542D3005CD156 /* RxSwift in Frameworks */,
			);
			runOnlyForDeploymentPostprocessing = 0;
		};
/* End PBXFrameworksBuildPhase section */

/* Begin PBXGroup section */
		293C73C52A7C0FD30028B2BB /* tableView */ = {
			isa = PBXGroup;
			children = (
				293C73C62A7C101B0028B2BB /* PersonsCell.swift */,
			);
			path = tableView;
			sourceTree = "<group>";
		};
		296DC2A42A78158D009BBF4E = {
			isa = PBXGroup;
			children = (
				296DC2AF2A78158D009BBF4E /* PersonsApp */,
				296DC2AE2A78158D009BBF4E /* Products */,
			);
			sourceTree = "<group>";
		};
		296DC2AE2A78158D009BBF4E /* Products */ = {
			isa = PBXGroup;
			children = (
				296DC2AD2A78158D009BBF4E /* PersonsApp.app */,
			);
			name = Products;
			sourceTree = "<group>";
		};
		296DC2AF2A78158D009BBF4E /* PersonsApp */ = {
			isa = PBXGroup;
			children = (
				296DC2B02A78158D009BBF4E /* AppDelegate.swift */,
				296DC2B22A78158D009BBF4E /* SceneDelegate.swift */,
				296DC2C52A78160F009BBF4E /* ui */,
				296DC2C42A7815F6009BBF4E /* data */,
				296DC2B62A78158D009BBF4E /* Main.storyboard */,
				296DC2B92A78158F009BBF4E /* Assets.xcassets */,
				296DC2BB2A78158F009BBF4E /* LaunchScreen.storyboard */,
				296DC2BE2A78158F009BBF4E /* Info.plist */,
			);
			path = PersonsApp;
			sourceTree = "<group>";
		};
		296DC2C42A7815F6009BBF4E /* data */ = {
			isa = PBXGroup;
			children = (
				29B38B402A854382005CD156 /* Repository */,
				296DC2C72A781647009BBF4E /* entity */,
			);
			path = data;
			sourceTree = "<group>";
		};
		296DC2C52A78160F009BBF4E /* ui */ = {
			isa = PBXGroup;
			children = (
				29B38B432A8543E1005CD156 /* viewModel */,
				293C73C52A7C0FD30028B2BB /* tableView */,
				296DC2C62A781637009BBF4E /* views */,
			);
			path = ui;
			sourceTree = "<group>";
		};
		296DC2C62A781637009BBF4E /* views */ = {
			isa = PBXGroup;
			children = (
				296DC2B42A78158D009BBF4E /* HomePage.swift */,
				296DC2C82A781B17009BBF4E /* PersonRegistration.swift */,
				296DC2CA2A781B28009BBF4E /* PersonDetail.swift */,
			);
			path = views;
			sourceTree = "<group>";
		};
		296DC2C72A781647009BBF4E /* entity */ = {
			isa = PBXGroup;
			children = (
				296DC2CD2A78304E009BBF4E /* Kisiler.swift */,
			);
			path = entity;
			sourceTree = "<group>";
		};
		29B38B402A854382005CD156 /* Repository */ = {
			isa = PBXGroup;
			children = (
				29B38B412A8543AA005CD156 /* KisilerDaoRepository.swift */,
			);
			path = Repository;
			sourceTree = "<group>";
		};
		29B38B432A8543E1005CD156 /* viewModel */ = {
			isa = PBXGroup;
			children = (
				29B38B442A854407005CD156 /* HomePageViewModel.swift */,
				29B38B462A85442E005CD156 /* PersonKayıtDetailViewModel.swift */,
				29B38B482A85445C005CD156 /* PersonDetailViewModel.swift */,
			);
			path = viewModel;
			sourceTree = "<group>";
		};
/* End PBXGroup section */

/* Begin PBXNativeTarget section */
		296DC2AC2A78158D009BBF4E /* PersonsApp */ = {
			isa = PBXNativeTarget;
			buildConfigurationList = 296DC2C12A78158F009BBF4E /* Build configuration list for PBXNativeTarget "PersonsApp" */;
			buildPhases = (
				296DC2A92A78158D009BBF4E /* Sources */,
				296DC2AA2A78158D009BBF4E /* Frameworks */,
				296DC2AB2A78158D009BBF4E /* Resources */,
			);
			buildRules = (
			);
			dependencies = (
			);
			name = PersonsApp;
			packageProductDependencies = (
				29B38B3E2A8542D3005CD156 /* RxSwift */,
			);
			productName = PersonsApp;
			productReference = 296DC2AD2A78158D009BBF4E /* PersonsApp.app */;
			productType = "com.apple.product-type.application";
		};
/* End PBXNativeTarget section */

/* Begin PBXProject section */
		296DC2A52A78158D009BBF4E /* Project object */ = {
			isa = PBXProject;
			attributes = {
				BuildIndependentTargetsInParallel = 1;
				LastSwiftUpdateCheck = 1430;
				LastUpgradeCheck = 1430;
				TargetAttributes = {
					296DC2AC2A78158D009BBF4E = {
						CreatedOnToolsVersion = 14.3.1;
					};
				};
			};
			buildConfigurationList = 296DC2A82A78158D009BBF4E /* Build configuration list for PBXProject "PersonsApp" */;
			compatibilityVersion = "Xcode 14.0";
			developmentRegion = en;
			hasScannedForEncodings = 0;
			knownRegions = (
				en,
				Base,
			);
			mainGroup = 296DC2A42A78158D009BBF4E;
			packageReferences = (
				29B38B3D2A8542D3005CD156 /* XCRemoteSwiftPackageReference "RxSwift" */,
			);
			productRefGroup = 296DC2AE2A78158D009BBF4E /* Products */;
			projectDirPath = "";
			projectRoot = "";
			targets = (
				296DC2AC2A78158D009BBF4E /* PersonsApp */,
			);
		};
/* End PBXProject section */

/* Begin PBXResourcesBuildPhase section */
		296DC2AB2A78158D009BBF4E /* Resources */ = {
			isa = PBXResourcesBuildPhase;
			buildActionMask = 2147483647;
			files = (
				296DC2BD2A78158F009BBF4E /* LaunchScreen.storyboard in Resources */,
				296DC2BA2A78158F009BBF4E /* Assets.xcassets in Resources */,
				296DC2B82A78158D009BBF4E /* Main.storyboard in Resources */,
			);
			runOnlyForDeploymentPostprocessing = 0;
		};
/* End PBXResourcesBuildPhase section */

/* Begin PBXSourcesBuildPhase section */
		296DC2A92A78158D009BBF4E /* Sources */ = {
			isa = PBXSourcesBuildPhase;
			buildActionMask = 2147483647;
			files = (
				296DC2B52A78158D009BBF4E /* HomePage.swift in Sources */,
				296DC2C92A781B17009BBF4E /* PersonRegistration.swift in Sources */,
				29B38B452A854407005CD156 /* HomePageViewModel.swift in Sources */,
				296DC2B12A78158D009BBF4E /* AppDelegate.swift in Sources */,
				296DC2CB2A781B28009BBF4E /* PersonDetail.swift in Sources */,
				29B38B492A85445C005CD156 /* PersonDetailViewModel.swift in Sources */,
				29B38B422A8543AA005CD156 /* KisilerDaoRepository.swift in Sources */,
				296DC2B32A78158D009BBF4E /* SceneDelegate.swift in Sources */,
				296DC2CE2A78304E009BBF4E /* Kisiler.swift in Sources */,
				29B38B472A85442E005CD156 /* PersonKayıtDetailViewModel.swift in Sources */,
				293C73C72A7C101B0028B2BB /* PersonsCell.swift in Sources */,
			);
			runOnlyForDeploymentPostprocessing = 0;
		};
/* End PBXSourcesBuildPhase section */

/* Begin PBXVariantGroup section */
		296DC2B62A78158D009BBF4E /* Main.storyboard */ = {
			isa = PBXVariantGroup;
			children = (
				296DC2B72A78158D009BBF4E /* Base */,
			);
			name = Main.storyboard;
			sourceTree = "<group>";
		};
		296DC2BB2A78158F009BBF4E /* LaunchScreen.storyboard */ = {
			isa = PBXVariantGroup;
			children = (
				296DC2BC2A78158F009BBF4E /* Base */,
			);
			name = LaunchScreen.storyboard;
			sourceTree = "<group>";
		};
/* End PBXVariantGroup section */

/* Begin XCBuildConfiguration section */
		296DC2BF2A78158F009BBF4E /* Debug */ = {
			isa = XCBuildConfiguration;
			buildSettings = {
				ALWAYS_SEARCH_USER_PATHS = NO;
				CLANG_ANALYZER_NONNULL = YES;
				CLANG_ANALYZER_NUMBER_OBJECT_CONVERSION = YES_AGGRESSIVE;
				CLANG_CXX_LANGUAGE_STANDARD = "gnu++20";
				CLANG_ENABLE_MODULES = YES;
				CLANG_ENABLE_OBJC_ARC = YES;
				CLANG_ENABLE_OBJC_WEAK = YES;
				CLANG_WARN_BLOCK_CAPTURE_AUTORELEASING = YES;
				CLANG_WARN_BOOL_CONVERSION = YES;
				CLANG_WARN_COMMA = YES;
				CLANG_WARN_CONSTANT_CONVERSION = YES;
				CLANG_WARN_DEPRECATED_OBJC_IMPLEMENTATIONS = YES;
				CLANG_WARN_DIRECT_OBJC_ISA_USAGE = YES_ERROR;
				CLANG_WARN_DOCUMENTATION_COMMENTS = YES;
				CLANG_WARN_EMPTY_BODY = YES;
				CLANG_WARN_ENUM_CONVERSION = YES;
				CLANG_WARN_INFINITE_RECURSION = YES;
				CLANG_WARN_INT_CONVERSION = YES;
				CLANG_WARN_NON_LITERAL_NULL_CONVERSION = YES;
				CLANG_WARN_OBJC_IMPLICIT_RETAIN_SELF = YES;
				CLANG_WARN_OBJC_LITERAL_CONVERSION = YES;
				CLANG_WARN_OBJC_ROOT_CLASS = YES_ERROR;
				CLANG_WARN_QUOTED_INCLUDE_IN_FRAMEWORK_HEADER = YES;
				CLANG_WARN_RANGE_LOOP_ANALYSIS = YES;
				CLANG_WARN_STRICT_PROTOTYPES = YES;
				CLANG_WARN_SUSPICIOUS_MOVE = YES;
				CLANG_WARN_UNGUARDED_AVAILABILITY = YES_AGGRESSIVE;
				CLANG_WARN_UNREACHABLE_CODE = YES;
				CLANG_WARN__DUPLICATE_METHOD_MATCH = YES;
				COPY_PHASE_STRIP = NO;
				DEBUG_INFORMATION_FORMAT = dwarf;
				ENABLE_STRICT_OBJC_MSGSEND = YES;
				ENABLE_TESTABILITY = YES;
				GCC_C_LANGUAGE_STANDARD = gnu11;
				GCC_DYNAMIC_NO_PIC = NO;
				GCC_NO_COMMON_BLOCKS = YES;
				GCC_OPTIMIZATION_LEVEL = 0;
				GCC_PREPROCESSOR_DEFINITIONS = (
					"DEBUG=1",
					"$(inherited)",
				);
				GCC_WARN_64_TO_32_BIT_CONVERSION = YES;
				GCC_WARN_ABOUT_RETURN_TYPE = YES_ERROR;
				GCC_WARN_UNDECLARED_SELECTOR = YES;
				GCC_WARN_UNINITIALIZED_AUTOS = YES_AGGRESSIVE;
				GCC_WARN_UNUSED_FUNCTION = YES;
				GCC_WARN_UNUSED_VARIABLE = YES;
				IPHONEOS_DEPLOYMENT_TARGET = 16.4;
				MTL_ENABLE_DEBUG_INFO = INCLUDE_SOURCE;
				MTL_FAST_MATH = YES;
				ONLY_ACTIVE_ARCH = YES;
				SDKROOT = iphoneos;
				SWIFT_ACTIVE_COMPILATION_CONDITIONS = DEBUG;
				SWIFT_OPTIMIZATION_LEVEL = "-Onone";
			};
			name = Debug;
		};
		296DC2C02A78158F009BBF4E /* Release */ = {
			isa = XCBuildConfiguration;
			buildSettings = {
				ALWAYS_SEARCH_USER_PATHS = NO;
				CLANG_ANALYZER_NONNULL = YES;
				CLANG_ANALYZER_NUMBER_OBJECT_CONVERSION = YES_AGGRESSIVE;
				CLANG_CXX_LANGUAGE_STANDARD = "gnu++20";
				CLANG_ENABLE_MODULES = YES;
				CLANG_ENABLE_OBJC_ARC = YES;
				CLANG_ENABLE_OBJC_WEAK = YES;
				CLANG_WARN_BLOCK_CAPTURE_AUTORELEASING = YES;
				CLANG_WARN_BOOL_CONVERSION = YES;
				CLANG_WARN_COMMA = YES;
				CLANG_WARN_CONSTANT_CONVERSION = YES;
				CLANG_WARN_DEPRECATED_OBJC_IMPLEMENTATIONS = YES;
				CLANG_WARN_DIRECT_OBJC_ISA_USAGE = YES_ERROR;
				CLANG_WARN_DOCUMENTATION_COMMENTS = YES;
				CLANG_WARN_EMPTY_BODY = YES;
				CLANG_WARN_ENUM_CONVERSION = YES;
				CLANG_WARN_INFINITE_RECURSION = YES;
				CLANG_WARN_INT_CONVERSION = YES;
				CLANG_WARN_NON_LITERAL_NULL_CONVERSION = YES;
				CLANG_WARN_OBJC_IMPLICIT_RETAIN_SELF = YES;
				CLANG_WARN_OBJC_LITERAL_CONVERSION = YES;
				CLANG_WARN_OBJC_ROOT_CLASS = YES_ERROR;
				CLANG_WARN_QUOTED_INCLUDE_IN_FRAMEWORK_HEADER = YES;
				CLANG_WARN_RANGE_LOOP_ANALYSIS = YES;
				CLANG_WARN_STRICT_PROTOTYPES = YES;
				CLANG_WARN_SUSPICIOUS_MOVE = YES;
				CLANG_WARN_UNGUARDED_AVAILABILITY = YES_AGGRESSIVE;
				CLANG_WARN_UNREACHABLE_CODE = YES;
				CLANG_WARN__DUPLICATE_METHOD_MATCH = YES;
				COPY_PHASE_STRIP = NO;
				DEBUG_INFORMATION_FORMAT = "dwarf-with-dsym";
				ENABLE_NS_ASSERTIONS = NO;
				ENABLE_STRICT_OBJC_MSGSEND = YES;
				GCC_C_LANGUAGE_STANDARD = gnu11;
				GCC_NO_COMMON_BLOCKS = YES;
				GCC_WARN_64_TO_32_BIT_CONVERSION = YES;
				GCC_WARN_ABOUT_RETURN_TYPE = YES_ERROR;
				GCC_WARN_UNDECLARED_SELECTOR = YES;
				GCC_WARN_UNINITIALIZED_AUTOS = YES_AGGRESSIVE;
				GCC_WARN_UNUSED_FUNCTION = YES;
				GCC_WARN_UNUSED_VARIABLE = YES;
				IPHONEOS_DEPLOYMENT_TARGET = 16.4;
				MTL_ENABLE_DEBUG_INFO = NO;
				MTL_FAST_MATH = YES;
				SDKROOT = iphoneos;
				SWIFT_COMPILATION_MODE = wholemodule;
				SWIFT_OPTIMIZATION_LEVEL = "-O";
				VALIDATE_PRODUCT = YES;
			};
			name = Release;
		};
		296DC2C22A78158F009BBF4E /* Debug */ = {
			isa = XCBuildConfiguration;
			buildSettings = {
				ASSETCATALOG_COMPILER_APPICON_NAME = AppIcon;
				ASSETCATALOG_COMPILER_GLOBAL_ACCENT_COLOR_NAME = AccentColor;
				CODE_SIGN_STYLE = Automatic;
				CURRENT_PROJECT_VERSION = 1;
				GENERATE_INFOPLIST_FILE = YES;
				INFOPLIST_FILE = PersonsApp/Info.plist;
				INFOPLIST_KEY_UIApplicationSupportsIndirectInputEvents = YES;
				INFOPLIST_KEY_UILaunchStoryboardName = LaunchScreen;
				INFOPLIST_KEY_UIMainStoryboardFile = Main;
				INFOPLIST_KEY_UISupportedInterfaceOrientations_iPad = "UIInterfaceOrientationPortrait UIInterfaceOrientationPortraitUpsideDown UIInterfaceOrientationLandscapeLeft UIInterfaceOrientationLandscapeRight";
				INFOPLIST_KEY_UISupportedInterfaceOrientations_iPhone = "UIInterfaceOrientationPortrait UIInterfaceOrientationLandscapeLeft UIInterfaceOrientationLandscapeRight";
				LD_RUNPATH_SEARCH_PATHS = (
					"$(inherited)",
					"@executable_path/Frameworks",
				);
				MARKETING_VERSION = 1.0;
				PRODUCT_BUNDLE_IDENTIFIER = yesiltas.PersonsApp;
				PRODUCT_NAME = "$(TARGET_NAME)";
				SWIFT_EMIT_LOC_STRINGS = YES;
				SWIFT_VERSION = 5.0;
				TARGETED_DEVICE_FAMILY = "1,2";
			};
			name = Debug;
		};
		296DC2C32A78158F009BBF4E /* Release */ = {
			isa = XCBuildConfiguration;
			buildSettings = {
				ASSETCATALOG_COMPILER_APPICON_NAME = AppIcon;
				ASSETCATALOG_COMPILER_GLOBAL_ACCENT_COLOR_NAME = AccentColor;
				CODE_SIGN_STYLE = Automatic;
				CURRENT_PROJECT_VERSION = 1;
				GENERATE_INFOPLIST_FILE = YES;
				INFOPLIST_FILE = PersonsApp/Info.plist;
				INFOPLIST_KEY_UIApplicationSupportsIndirectInputEvents = YES;
				INFOPLIST_KEY_UILaunchStoryboardName = LaunchScreen;
				INFOPLIST_KEY_UIMainStoryboardFile = Main;
				INFOPLIST_KEY_UISupportedInterfaceOrientations_iPad = "UIInterfaceOrientationPortrait UIInterfaceOrientationPortraitUpsideDown UIInterfaceOrientationLandscapeLeft UIInterfaceOrientationLandscapeRight";
				INFOPLIST_KEY_UISupportedInterfaceOrientations_iPhone = "UIInterfaceOrientationPortrait UIInterfaceOrientationLandscapeLeft UIInterfaceOrientationLandscapeRight";
				LD_RUNPATH_SEARCH_PATHS = (
					"$(inherited)",
					"@executable_path/Frameworks",
				);
				MARKETING_VERSION = 1.0;
				PRODUCT_BUNDLE_IDENTIFIER = yesiltas.PersonsApp;
				PRODUCT_NAME = "$(TARGET_NAME)";
				SWIFT_EMIT_LOC_STRINGS = YES;
				SWIFT_VERSION = 5.0;
				TARGETED_DEVICE_FAMILY = "1,2";
			};
			name = Release;
		};
/* End XCBuildConfiguration section */

/* Begin XCConfigurationList section */
		296DC2A82A78158D009BBF4E /* Build configuration list for PBXProject "PersonsApp" */ = {
			isa = XCConfigurationList;
			buildConfigurations = (
				296DC2BF2A78158F009BBF4E /* Debug */,
				296DC2C02A78158F009BBF4E /* Release */,
			);
			defaultConfigurationIsVisible = 0;
			defaultConfigurationName = Release;
		};
		296DC2C12A78158F009BBF4E /* Build configuration list for PBXNativeTarget "PersonsApp" */ = {
			isa = XCConfigurationList;
			buildConfigurations = (
				296DC2C22A78158F009BBF4E /* Debug */,
				296DC2C32A78158F009BBF4E /* Release */,
			);
			defaultConfigurationIsVisible = 0;
			defaultConfigurationName = Release;
		};
/* End XCConfigurationList section */

/* Begin XCRemoteSwiftPackageReference section */
		29B38B3D2A8542D3005CD156 /* XCRemoteSwiftPackageReference "RxSwift" */ = {
			isa = XCRemoteSwiftPackageReference;
			repositoryURL = "https://github.com/ReactiveX/RxSwift.git";
			requirement = {
				kind = upToNextMajorVersion;
				minimumVersion = 6.0.0;
			};
		};
/* End XCRemoteSwiftPackageReference section */

/* Begin XCSwiftPackageProductDependency section */
		29B38B3E2A8542D3005CD156 /* RxSwift */ = {
			isa = XCSwiftPackageProductDependency;
			package = 29B38B3D2A8542D3005CD156 /* XCRemoteSwiftPackageReference "RxSwift" */;
			productName = RxSwift;
		};
/* End XCSwiftPackageProductDependency section */
	};
	rootObject = 296DC2A52A78158D009BBF4E /* Project object */;
}
